
Microsoft Visual Studio Solution File, Format Version 12.00
Project("{FAE04EC0-301F-11D3-BF4B-00C04F79EFBC}") = "PJATK_APBD_Cw7_s34260", "PJATK_APBD_Cw7_s34260\PJATK_APBD_Cw7_s34260.csproj", "{2C6CD0A3-662B-42BC-A9C4-2C2CEB15531B}"
EndProject
Global
	GlobalSection(SolutionConfigurationPlatforms) = preSolution
		Debug|Any CPU = Debug|Any CPU
		Release|Any CPU = Release|Any CPU
	EndGlobalSection
	GlobalSection(ProjectConfigurationPlatforms) = postSolution
		{2C6CD0A3-662B-42BC-A9C4-2C2CEB15531B}.Debug|Any CPU.ActiveCfg = Debug|Any CPU
		{2C6CD0A3-662B-42BC-A9C4-2C2CEB15531B}.Debug|Any CPU.Build.0 = Debug|Any CPU
		{2C6CD0A3-662B-42BC-A9C4-2C2CEB15531B}.Release|Any CPU.ActiveCfg = Release|Any CPU
		{2C6CD0A3-662B-42BC-A9C4-2C2CEB15531B}.Release|Any CPU.Build.0 = Release|Any CPU
	EndGlobalSection
EndGlobal
